
Microsoft Visual Studio Solution File, Format Version 12.00
# Visual Studio Version 17
VisualStudioVersion = 17.4.33213.308
MinimumVisualStudioVersion = 10.0.40219.1
Project("{FAE04EC0-301F-11D3-BF4B-00C04F79EFBC}") = "UniversityManagementSystem", "UniversityManagementSystem\UniversityManagementSystem.csproj", "{6A1118C4-D3F9-4D97-9D81-025E4E61D837}"
EndProject
Global
	GlobalSection(SolutionConfigurationPlatforms) = preSolution
		Debug|Any CPU = Debug|Any CPU
		Release|Any CPU = Release|Any CPU
	EndGlobalSection
	GlobalSection(ProjectConfigurationPlatforms) = postSolution
		{6A1118C4-D3F9-4D97-9D81-025E4E61D837}.Debug|Any CPU.ActiveCfg = Debug|Any CPU
		{6A1118C4-D3F9-4D97-9D81-025E4E61D837}.Debug|Any CPU.Build.0 = Debug|Any CPU
		{6A1118C4-D3F9-4D97-9D81-025E4E61D837}.Release|Any CPU.ActiveCfg = Release|Any CPU
		{6A1118C4-D3F9-4D97-9D81-025E4E61D837}.Release|Any CPU.Build.0 = Release|Any CPU
	EndGlobalSection
	GlobalSection(SolutionProperties) = preSolution
		HideSolutionNode = FALSE
	EndGlobalSection
	GlobalSection(ExtensibilityGlobals) = postSolution
		SolutionGuid = {00334934-AA8E-4D90-95C4-B854D4695056}
	EndGlobalSection
EndGlobal
